
Microsoft Visual Studio Solution File, Format Version 12.00
# Visual Studio Version 17
VisualStudioVersion = 17.8.34309.116
MinimumVisualStudioVersion = 10.0.40219.1
Project("{9A19103F-16F7-4668-BE54-9A1E7A4F7556}") = "SpaceBattle.Api", "SpaceBattle.Api\SpaceBattle.Api.csproj", "{B496F2FB-E4A9-407C-91FC-FF5AFC37FD1C}"
EndProject
Project("{9A19103F-16F7-4668-BE54-9A1E7A4F7556}") = "SpaceBattle.Test", "SpaceBattle.Test\SpaceBattle.Test.csproj", "{149112E1-B49B-412C-886B-489E4EBBB5BD}"
EndProject
Project("{2150E333-8FDC-42A3-9474-1A3956D46DE8}") = "Solution Items", "Solution Items", "{FAAAAAB1-B683-48A7-82DF-B91953A1DA1E}"
	ProjectSection(SolutionItems) = preProject
		.editorconfig = .editorconfig
	EndProjectSection
EndProject
Global
	GlobalSection(SolutionConfigurationPlatforms) = preSolution
		Debug|Any CPU = Debug|Any CPU
		Release|Any CPU = Release|Any CPU
	EndGlobalSection
	GlobalSection(ProjectConfigurationPlatforms) = postSolution
		{B496F2FB-E4A9-407C-91FC-FF5AFC37FD1C}.Debug|Any CPU.ActiveCfg = Debug|Any CPU
		{B496F2FB-E4A9-407C-91FC-FF5AFC37FD1C}.Debug|Any CPU.Build.0 = Debug|Any CPU
		{B496F2FB-E4A9-407C-91FC-FF5AFC37FD1C}.Release|Any CPU.ActiveCfg = Release|Any CPU
		{B496F2FB-E4A9-407C-91FC-FF5AFC37FD1C}.Release|Any CPU.Build.0 = Release|Any CPU
		{149112E1-B49B-412C-886B-489E4EBBB5BD}.Debug|Any CPU.ActiveCfg = Debug|Any CPU
		{149112E1-B49B-412C-886B-489E4EBBB5BD}.Debug|Any CPU.Build.0 = Debug|Any CPU
		{149112E1-B49B-412C-886B-489E4EBBB5BD}.Release|Any CPU.ActiveCfg = Release|Any CPU
		{149112E1-B49B-412C-886B-489E4EBBB5BD}.Release|Any CPU.Build.0 = Release|Any CPU
	EndGlobalSection
	GlobalSection(SolutionProperties) = preSolution
		HideSolutionNode = FALSE
	EndGlobalSection
	GlobalSection(ExtensibilityGlobals) = postSolution
		SolutionGuid = {303048FE-3305-4A3F-865E-3E50A276557D}
	EndGlobalSection
EndGlobal
